
Microsoft Visual Studio Solution File, Format Version 12.00
# Visual Studio Version 16
VisualStudioVersion = 16.0.31727.386
MinimumVisualStudioVersion = 10.0.40219.1
Project("{FAE04EC0-301F-11D3-BF4B-00C04F79EFBC}") = "ShopWPF", "ShopWPF\ShopWPF.csproj", "{469543A7-417B-48E5-8D67-698461583D2D}"
EndProject
Project("{9A19103F-16F7-4668-BE54-9A1E7A4F7556}") = "Model", "Model\Model.csproj", "{A20AC25A-CFFE-44C0-931A-F4151C18EB3D}"
EndProject
Project("{FAE04EC0-301F-11D3-BF4B-00C04F79EFBC}") = "DAO", "DAO\DAO.csproj", "{30B806CB-A049-445D-B909-E90C6857FF84}"
EndProject
Global
	GlobalSection(SolutionConfigurationPlatforms) = preSolution
		Debug|Any CPU = Debug|Any CPU
		Release|Any CPU = Release|Any CPU
	EndGlobalSection
	GlobalSection(ProjectConfigurationPlatforms) = postSolution
		{469543A7-417B-48E5-8D67-698461583D2D}.Debug|Any CPU.ActiveCfg = Debug|Any CPU
		{469543A7-417B-48E5-8D67-698461583D2D}.Debug|Any CPU.Build.0 = Debug|Any CPU
		{469543A7-417B-48E5-8D67-698461583D2D}.Release|Any CPU.ActiveCfg = Release|Any CPU
		{469543A7-417B-48E5-8D67-698461583D2D}.Release|Any CPU.Build.0 = Release|Any CPU
		{A20AC25A-CFFE-44C0-931A-F4151C18EB3D}.Debug|Any CPU.ActiveCfg = Debug|Any CPU
		{A20AC25A-CFFE-44C0-931A-F4151C18EB3D}.Debug|Any CPU.Build.0 = Debug|Any CPU
		{A20AC25A-CFFE-44C0-931A-F4151C18EB3D}.Release|Any CPU.ActiveCfg = Release|Any CPU
		{A20AC25A-CFFE-44C0-931A-F4151C18EB3D}.Release|Any CPU.Build.0 = Release|Any CPU
		{30B806CB-A049-445D-B909-E90C6857FF84}.Debug|Any CPU.ActiveCfg = Debug|Any CPU
		{30B806CB-A049-445D-B909-E90C6857FF84}.Debug|Any CPU.Build.0 = Debug|Any CPU
		{30B806CB-A049-445D-B909-E90C6857FF84}.Release|Any CPU.ActiveCfg = Release|Any CPU
		{30B806CB-A049-445D-B909-E90C6857FF84}.Release|Any CPU.Build.0 = Release|Any CPU
	EndGlobalSection
	GlobalSection(SolutionProperties) = preSolution
		HideSolutionNode = FALSE
	EndGlobalSection
	GlobalSection(ExtensibilityGlobals) = postSolution
		SolutionGuid = {2A95C261-D69C-4B6B-9845-B2DDBC0523F7}
	EndGlobalSection
EndGlobal
